<Solution>
  <Folder Name="/src/">
    <Project Path="src/Velucid.Silo/Velucid.Silo.csproj" />
    <Project Path="src/Velucid.ReadModel/Velucid.ReadModel.csproj" />
    <Project Path="src/Velucid.ReadModel.Migrations/Velucid.ReadModel.Migrations.csproj" />
    <Project Path="src/Velucid.ProjectorService/Velucid.ProjectorService.csproj" />
  </Folder>
  <Folder Name="/tests/">
    <Project Path="tests/Velucid.Silo.Tests/Velucid.Silo.Tests.csproj" />
  </Folder>
</Solution>
